// !$*UTF8*$!
{
	archiveVersion = 1;
	classes = {
	};
	objectVersion = 50;
	objects = {

/* Begin PBXBuildFile section */
		4517C69E372D6C83A2D1F723 /* libPods-auotWeakPropDemo.a in Frameworks */ = {isa = PBXBuildFile; fileRef = 7229AF1661ED2CBB25EFC85F /* libPods-auotWeakPropDemo.a */; };
		6B28EA2C5D957C91FE60D6B1 /* libPods-auotWeakPropDemoTests.a in Frameworks */ = {isa = PBXBuildFile; fileRef = 01AAF817E7E49CCADA31C017 /* libPods-auotWeakPropDemoTests.a */; };
		7DFCECD6A9579D2B36B6C09B /* libPods-auotWeakPropDemoUITests.a in Frameworks */ = {isa = PBXBuildFile; fileRef = D6F8BB9438B21C6013C83EDA /* libPods-auotWeakPropDemoUITests.a */; };
		C661C7CE237018F400C0EC80 /* Person.m in Sources */ = {isa = PBXBuildFile; fileRef = C661C7CD237018F400C0EC80 /* Person.m */; };
		C6F06A3B2370150300D572C4 /* AppDelegate.m in Sources */ = {isa = PBXBuildFile; fileRef = C6F06A3A2370150300D572C4 /* AppDelegate.m */; };
		C6F06A3E2370150300D572C4 /* ViewController.m in Sources */ = {isa = PBXBuildFile; fileRef = C6F06A3D2370150300D572C4 /* ViewController.m */; };
		C6F06A412370150400D572C4 /* Main.storyboard in Resources */ = {isa = PBXBuildFile; fileRef = C6F06A3F2370150400D572C4 /* Main.storyboard */; };
		C6F06A432370150600D572C4 /* Assets.xcassets in Resources */ = {isa = PBXBuildFile; fileRef = C6F06A422370150600D572C4 /* Assets.xcassets */; };
		C6F06A462370150600D572C4 /* LaunchScreen.storyboard in Resources */ = {isa = PBXBuildFile; fileRef = C6F06A442370150600D572C4 /* LaunchScreen.storyboard */; };
		C6F06A492370150700D572C4 /* main.m in Sources */ = {isa = PBXBuildFile; fileRef = C6F06A482370150700D572C4 /* main.m */; };
		C6F06A532370150700D572C4 /* auotWeakPropDemoTests.m in Sources */ = {isa = PBXBuildFile; fileRef = C6F06A522370150700D572C4 /* auotWeakPropDemoTests.m */; };
		C6F06A5E2370150700D572C4 /* auotWeakPropDemoUITests.m in Sources */ = {isa = PBXBuildFile; fileRef = C6F06A5D2370150700D572C4 /* auotWeakPropDemoUITests.m */; };
		C6F06A6D2370155E00D572C4 /* LSMiddleBlock.m in Sources */ = {isa = PBXBuildFile; fileRef = C6F06A6C2370155E00D572C4 /* LSMiddleBlock.m */; };
		C6F06A702370170A00D572C4 /* NSObject+ls_objcetDealloced.m in Sources */ = {isa = PBXBuildFile; fileRef = C6F06A6F2370170A00D572C4 /* NSObject+ls_objcetDealloced.m */; };
/* End PBXBuildFile section */

/* Begin PBXContainerItemProxy section */
		C6F06A4F2370150700D572C4 /* PBXContainerItemProxy */ = {
			isa = PBXContainerItemProxy;
			containerPortal = C6F06A2E2370150300D572C4 /* Project object */;
			proxyType = 1;
			remoteGlobalIDString = C6F06A352370150300D572C4;
			remoteInfo = auotWeakPropDemo;
		};
		C6F06A5A2370150700D572C4 /* PBXContainerItemProxy */ = {
			isa = PBXContainerItemProxy;
			containerPortal = C6F06A2E2370150300D572C4 /* Project object */;
			proxyType = 1;
			remoteGlobalIDString = C6F06A352370150300D572C4;
			remoteInfo = auotWeakPropDemo;
		};
/* End PBXContainerItemProxy section */

/* Begin PBXFileReference section */
		01AAF817E7E49CCADA31C017 /* libPods-auotWeakPropDemoTests.a */ = {isa = PBXFileReference; explicitFileType = archive.ar; includeInIndex = 0; path = "libPods-auotWeakPropDemoTests.a"; sourceTree = BUILT_PRODUCTS_DIR; };
		065A622E504C602EACC039C8 /* Pods-auotWeakPropDemoTests.release.xcconfig */ = {isa = PBXFileReference; includeInIndex = 1; lastKnownFileType = text.xcconfig; name = "Pods-auotWeakPropDemoTests.release.xcconfig"; path = "Pods/Target Support Files/Pods-auotWeakPropDemoTests/Pods-auotWeakPropDemoTests.release.xcconfig"; sourceTree = "<group>"; };
		7229AF1661ED2CBB25EFC85F /* libPods-auotWeakPropDemo.a */ = {isa = PBXFileReference; explicitFileType = archive.ar; includeInIndex = 0; path = "libPods-auotWeakPropDemo.a"; sourceTree = BUILT_PRODUCTS_DIR; };
		9E30268759B275200D348B74 /* Pods-auotWeakPropDemo.debug.xcconfig */ = {isa = PBXFileReference; includeInIndex = 1; lastKnownFileType = text.xcconfig; name = "Pods-auotWeakPropDemo.debug.xcconfig"; path = "Pods/Target Support Files/Pods-auotWeakPropDemo/Pods-auotWeakPropDemo.debug.xcconfig"; sourceTree = "<group>"; };
		A2019C75809325E72D8EF58B /* Pods-auotWeakPropDemoUITests.debug.xcconfig */ = {isa = PBXFileReference; includeInIndex = 1; lastKnownFileType = text.xcconfig; name = "Pods-auotWeakPropDemoUITests.debug.xcconfig"; path = "Pods/Target Support Files/Pods-auotWeakPropDemoUITests/Pods-auotWeakPropDemoUITests.debug.xcconfig"; sourceTree = "<group>"; };
		C1C60D22FB42F179A3456EAE /* Pods-auotWeakPropDemoTests.debug.xcconfig */ = {isa = PBXFileReference; includeInIndex = 1; lastKnownFileType = text.xcconfig; name = "Pods-auotWeakPropDemoTests.debug.xcconfig"; path = "Pods/Target Support Files/Pods-auotWeakPropDemoTests/Pods-auotWeakPropDemoTests.debug.xcconfig"; sourceTree = "<group>"; };
		C661C7CC237018F400C0EC80 /* Person.h */ = {isa = PBXFileReference; lastKnownFileType = sourcecode.c.h; path = Person.h; sourceTree = "<group>"; };
		C661C7CD237018F400C0EC80 /* Person.m */ = {isa = PBXFileReference; lastKnownFileType = sourcecode.c.objc; path = Person.m; sourceTree = "<group>"; };
		C6F06A362370150300D572C4 /* auotWeakPropDemo.app */ = {isa = PBXFileReference; explicitFileType = wrapper.application; includeInIndex = 0; path = auotWeakPropDemo.app; sourceTree = BUILT_PRODUCTS_DIR; };
		C6F06A392370150300D572C4 /* AppDelegate.h */ = {isa = PBXFileReference; lastKnownFileType = sourcecode.c.h; path = AppDelegate.h; sourceTree = "<group>"; };
		C6F06A3A2370150300D572C4 /* AppDelegate.m */ = {isa = PBXFileReference; lastKnownFileType = sourcecode.c.objc; path = AppDelegate.m; sourceTree = "<group>"; };
		C6F06A3C2370150300D572C4 /* ViewController.h */ = {isa = PBXFileReference; lastKnownFileType = sourcecode.c.h; path = ViewController.h; sourceTree = "<group>"; };
		C6F06A3D2370150300D572C4 /* ViewController.m */ = {isa = PBXFileReference; lastKnownFileType = sourcecode.c.objc; path = ViewController.m; sourceTree = "<group>"; };
		C6F06A402370150400D572C4 /* Base */ = {isa = PBXFileReference; lastKnownFileType = file.storyboard; name = Base; path = Base.lproj/Main.storyboard; sourceTree = "<group>"; };
		C6F06A422370150600D572C4 /* Assets.xcassets */ = {isa = PBXFileReference; lastKnownFileType = folder.assetcatalog; path = Assets.xcassets; sourceTree = "<group>"; };
		C6F06A452370150600D572C4 /* Base */ = {isa = PBXFileReference; lastKnownFileType = file.storyboard; name = Base; path = Base.lproj/LaunchScreen.storyboard; sourceTree = "<group>"; };
		C6F06A472370150700D572C4 /* Info.plist */ = {isa = PBXFileReference; lastKnownFileType = text.plist.xml; path = Info.plist; sourceTree = "<group>"; };
		C6F06A482370150700D572C4 /* main.m */ = {isa = PBXFileReference; lastKnownFileType = sourcecode.c.objc; path = main.m; sourceTree = "<group>"; };
		C6F06A4E2370150700D572C4 /* auotWeakPropDemoTests.xctest */ = {isa = PBXFileReference; explicitFileType = wrapper.cfbundle; includeInIndex = 0; path = auotWeakPropDemoTests.xctest; sourceTree = BUILT_PRODUCTS_DIR; };
		C6F06A522370150700D572C4 /* auotWeakPropDemoTests.m */ = {isa = PBXFileReference; lastKnownFileType = sourcecode.c.objc; path = auotWeakPropDemoTests.m; sourceTree = "<group>"; };
		C6F06A542370150700D572C4 /* Info.plist */ = {isa = PBXFileReference; lastKnownFileType = text.plist.xml; path = Info.plist; sourceTree = "<group>"; };
		C6F06A592370150700D572C4 /* auotWeakPropDemoUITests.xctest */ = {isa = PBXFileReference; explicitFileType = wrapper.cfbundle; includeInIndex = 0; path = auotWeakPropDemoUITests.xctest; sourceTree = BUILT_PRODUCTS_DIR; };
		C6F06A5D2370150700D572C4 /* auotWeakPropDemoUITests.m */ = {isa = PBXFileReference; lastKnownFileType = sourcecode.c.objc; path = auotWeakPropDemoUITests.m; sourceTree = "<group>"; };
		C6F06A5F2370150700D572C4 /* Info.plist */ = {isa = PBXFileReference; lastKnownFileType = text.plist.xml; path = Info.plist; sourceTree = "<group>"; };
		C6F06A6B2370155E00D572C4 /* LSMiddleBlock.h */ = {isa = PBXFileReference; lastKnownFileType = sourcecode.c.h; path = LSMiddleBlock.h; sourceTree = "<group>"; };
		C6F06A6C2370155E00D572C4 /* LSMiddleBlock.m */ = {isa = PBXFileReference; lastKnownFileType = sourcecode.c.objc; path = LSMiddleBlock.m; sourceTree = "<group>"; };
		C6F06A6E2370170A00D572C4 /* NSObject+ls_objcetDealloced.h */ = {isa = PBXFileReference; lastKnownFileType = sourcecode.c.h; path = "NSObject+ls_objcetDealloced.h"; sourceTree = "<group>"; };
		C6F06A6F2370170A00D572C4 /* NSObject+ls_objcetDealloced.m */ = {isa = PBXFileReference; lastKnownFileType = sourcecode.c.objc; path = "NSObject+ls_objcetDealloced.m"; sourceTree = "<group>"; };
		D3A533C6A2635724BA8C5EB1 /* Pods-auotWeakPropDemoUITests.release.xcconfig */ = {isa = PBXFileReference; includeInIndex = 1; lastKnownFileType = text.xcconfig; name = "Pods-auotWeakPropDemoUITests.release.xcconfig"; path = "Pods/Target Support Files/Pods-auotWeakPropDemoUITests/Pods-auotWeakPropDemoUITests.release.xcconfig"; sourceTree = "<group>"; };
		D6F8BB9438B21C6013C83EDA /* libPods-auotWeakPropDemoUITests.a */ = {isa = PBXFileReference; explicitFileType = archive.ar; includeInIndex = 0; path = "libPods-auotWeakPropDemoUITests.a"; sourceTree = BUILT_PRODUCTS_DIR; };
		E48AAB89ACE9DF489A4125A2 /* Pods-auotWeakPropDemo.release.xcconfig */ = {isa = PBXFileReference; includeInIndex = 1; lastKnownFileType = text.xcconfig; name = "Pods-auotWeakPropDemo.release.xcconfig"; path = "Pods/Target Support Files/Pods-auotWeakPropDemo/Pods-auotWeakPropDemo.release.xcconfig"; sourceTree = "<group>"; };
/* End PBXFileReference section */

/* Begin PBXFrameworksBuildPhase section */
		C6F06A332370150300D572C4 /* Frameworks */ = {
			isa = PBXFrameworksBuildPhase;
			buildActionMask = 2147483647;
			files = (
				4517C69E372D6C83A2D1F723 /* libPods-auotWeakPropDemo.a in Frameworks */,
			);
			runOnlyForDeploymentPostprocessing = 0;
		};
		C6F06A4B2370150700D572C4 /* Frameworks */ = {
			isa = PBXFrameworksBuildPhase;
			buildActionMask = 2147483647;
			files = (
				6B28EA2C5D957C91FE60D6B1 /* libPods-auotWeakPropDemoTests.a in Frameworks */,
			);
			runOnlyForDeploymentPostprocessing = 0;
		};
		C6F06A562370150700D572C4 /* Frameworks */ = {
			isa = PBXFrameworksBuildPhase;
			buildActionMask = 2147483647;
			files = (
				7DFCECD6A9579D2B36B6C09B /* libPods-auotWeakPropDemoUITests.a in Frameworks */,
			);
			runOnlyForDeploymentPostprocessing = 0;
		};
/* End PBXFrameworksBuildPhase section */

/* Begin PBXGroup section */
		851B6B6B735D95EEFEA37AA3 /* Frameworks */ = {
			isa = PBXGroup;
			children = (
				7229AF1661ED2CBB25EFC85F /* libPods-auotWeakPropDemo.a */,
				01AAF817E7E49CCADA31C017 /* libPods-auotWeakPropDemoTests.a */,
				D6F8BB9438B21C6013C83EDA /* libPods-auotWeakPropDemoUITests.a */,
			);
			name = Frameworks;
			sourceTree = "<group>";
		};
		C6707EFD23711C6B00F89981 /* deallocEventSend */ = {
			isa = PBXGroup;
			children = (
				C6F06A6B2370155E00D572C4 /* LSMiddleBlock.h */,
				C6F06A6C2370155E00D572C4 /* LSMiddleBlock.m */,
				C6F06A6E2370170A00D572C4 /* NSObject+ls_objcetDealloced.h */,
				C6F06A6F2370170A00D572C4 /* NSObject+ls_objcetDealloced.m */,
			);
			path = deallocEventSend;
			sourceTree = "<group>";
		};
		C6F06A2D2370150300D572C4 = {
			isa = PBXGroup;
			children = (
				C6F06A382370150300D572C4 /* auotWeakPropDemo */,
				C6F06A512370150700D572C4 /* auotWeakPropDemoTests */,
				C6F06A5C2370150700D572C4 /* auotWeakPropDemoUITests */,
				C6F06A372370150300D572C4 /* Products */,
				F80A5A7F4292910EDC4EA6E6 /* Pods */,
				851B6B6B735D95EEFEA37AA3 /* Frameworks */,
			);
			sourceTree = "<group>";
		};
		C6F06A372370150300D572C4 /* Products */ = {
			isa = PBXGroup;
			children = (
				C6F06A362370150300D572C4 /* auotWeakPropDemo.app */,
				C6F06A4E2370150700D572C4 /* auotWeakPropDemoTests.xctest */,
				C6F06A592370150700D572C4 /* auotWeakPropDemoUITests.xctest */,
			);
			name = Products;
			sourceTree = "<group>";
		};
		C6F06A382370150300D572C4 /* auotWeakPropDemo */ = {
			isa = PBXGroup;
			children = (
				C6F06A392370150300D572C4 /* AppDelegate.h */,
				C6F06A3A2370150300D572C4 /* AppDelegate.m */,
				C6F06A3C2370150300D572C4 /* ViewController.h */,
				C6F06A3D2370150300D572C4 /* ViewController.m */,
				C661C7CC237018F400C0EC80 /* Person.h */,
				C661C7CD237018F400C0EC80 /* Person.m */,
				C6707EFD23711C6B00F89981 /* deallocEventSend */,
				C6F06A3F2370150400D572C4 /* Main.storyboard */,
				C6F06A422370150600D572C4 /* Assets.xcassets */,
				C6F06A442370150600D572C4 /* LaunchScreen.storyboard */,
				C6F06A472370150700D572C4 /* Info.plist */,
				C6F06A482370150700D572C4 /* main.m */,
			);
			path = auotWeakPropDemo;
			sourceTree = "<group>";
		};
		C6F06A512370150700D572C4 /* auotWeakPropDemoTests */ = {
			isa = PBXGroup;
			children = (
				C6F06A522370150700D572C4 /* auotWeakPropDemoTests.m */,
				C6F06A542370150700D572C4 /* Info.plist */,
			);
			path = auotWeakPropDemoTests;
			sourceTree = "<group>";
		};
		C6F06A5C2370150700D572C4 /* auotWeakPropDemoUITests */ = {
			isa = PBXGroup;
			children = (
				C6F06A5D2370150700D572C4 /* auotWeakPropDemoUITests.m */,
				C6F06A5F2370150700D572C4 /* Info.plist */,
			);
			path = auotWeakPropDemoUITests;
			sourceTree = "<group>";
		};
		F80A5A7F4292910EDC4EA6E6 /* Pods */ = {
			isa = PBXGroup;
			children = (
				9E30268759B275200D348B74 /* Pods-auotWeakPropDemo.debug.xcconfig */,
				E48AAB89ACE9DF489A4125A2 /* Pods-auotWeakPropDemo.release.xcconfig */,
				C1C60D22FB42F179A3456EAE /* Pods-auotWeakPropDemoTests.debug.xcconfig */,
				065A622E504C602EACC039C8 /* Pods-auotWeakPropDemoTests.release.xcconfig */,
				A2019C75809325E72D8EF58B /* Pods-auotWeakPropDemoUITests.debug.xcconfig */,
				D3A533C6A2635724BA8C5EB1 /* Pods-auotWeakPropDemoUITests.release.xcconfig */,
			);
			name = Pods;
			sourceTree = "<group>";
		};
/* End PBXGroup section */

/* Begin PBXNativeTarget section */
		C6F06A352370150300D572C4 /* auotWeakPropDemo */ = {
			isa = PBXNativeTarget;
			buildConfigurationList = C6F06A622370150700D572C4 /* Build configuration list for PBXNativeTarget "auotWeakPropDemo" */;
			buildPhases = (
				2D1D27DEFD9550FE2CB19DE6 /* [CP] Check Pods Manifest.lock */,
				C6F06A322370150300D572C4 /* Sources */,
				C6F06A332370150300D572C4 /* Frameworks */,
				C6F06A342370150300D572C4 /* Resources */,
			);
			buildRules = (
			);
			dependencies = (
			);
			name = auotWeakPropDemo;
			productName = auotWeakPropDemo;
			productReference = C6F06A362370150300D572C4 /* auotWeakPropDemo.app */;
			productType = "com.apple.product-type.application";
		};
		C6F06A4D2370150700D572C4 /* auotWeakPropDemoTests */ = {
			isa = PBXNativeTarget;
			buildConfigurationList = C6F06A652370150700D572C4 /* Build configuration list for PBXNativeTarget "auotWeakPropDemoTests" */;
			buildPhases = (
				44A54EC90DF5E05495AA1E66 /* [CP] Check Pods Manifest.lock */,
				C6F06A4A2370150700D572C4 /* Sources */,
				C6F06A4B2370150700D572C4 /* Frameworks */,
				C6F06A4C2370150700D572C4 /* Resources */,
			);
			buildRules = (
			);
			dependencies = (
				C6F06A502370150700D572C4 /* PBXTargetDependency */,
			);
			name = auotWeakPropDemoTests;
			productName = auotWeakPropDemoTests;
			productReference = C6F06A4E2370150700D572C4 /* auotWeakPropDemoTests.xctest */;
			productType = "com.apple.product-type.bundle.unit-test";
		};
		C6F06A582370150700D572C4 /* auotWeakPropDemoUITests */ = {
			isa = PBXNativeTarget;
			buildConfigurationList = C6F06A682370150700D572C4 /* Build configuration list for PBXNativeTarget "auotWeakPropDemoUITests" */;
			buildPhases = (
				B5F8BFD1DB5698DDA2DC4662 /* [CP] Check Pods Manifest.lock */,
				C6F06A552370150700D572C4 /* Sources */,
				C6F06A562370150700D572C4 /* Frameworks */,
				C6F06A572370150700D572C4 /* Resources */,
			);
			buildRules = (
			);
			dependencies = (
				C6F06A5B2370150700D572C4 /* PBXTargetDependency */,
			);
			name = auotWeakPropDemoUITests;
			productName = auotWeakPropDemoUITests;
			productReference = C6F06A592370150700D572C4 /* auotWeakPropDemoUITests.xctest */;
			productType = "com.apple.product-type.bundle.ui-testing";
		};
/* End PBXNativeTarget section */

/* Begin PBXProject section */
		C6F06A2E2370150300D572C4 /* Project object */ = {
			isa = PBXProject;
			attributes = {
				LastUpgradeCheck = 1010;
				ORGANIZATIONNAME = "美好午后";
				TargetAttributes = {
					C6F06A352370150300D572C4 = {
						CreatedOnToolsVersion = 10.1;
					};
					C6F06A4D2370150700D572C4 = {
						CreatedOnToolsVersion = 10.1;
						TestTargetID = C6F06A352370150300D572C4;
					};
					C6F06A582370150700D572C4 = {
						CreatedOnToolsVersion = 10.1;
						TestTargetID = C6F06A352370150300D572C4;
					};
				};
			};
			buildConfigurationList = C6F06A312370150300D572C4 /* Build configuration list for PBXProject "auotWeakPropDemo" */;
			compatibilityVersion = "Xcode 9.3";
			developmentRegion = en;
			hasScannedForEncodings = 0;
			knownRegions = (
				en,
				Base,
			);
			mainGroup = C6F06A2D2370150300D572C4;
			productRefGroup = C6F06A372370150300D572C4 /* Products */;
			projectDirPath = "";
			projectRoot = "";
			targets = (
				C6F06A352370150300D572C4 /* auotWeakPropDemo */,
				C6F06A4D2370150700D572C4 /* auotWeakPropDemoTests */,
				C6F06A582370150700D572C4 /* auotWeakPropDemoUITests */,
			);
		};
/* End PBXProject section */

/* Begin PBXResourcesBuildPhase section */
		C6F06A342370150300D572C4 /* Resources */ = {
			isa = PBXResourcesBuildPhase;
			buildActionMask = 2147483647;
			files = (
				C6F06A462370150600D572C4 /* LaunchScreen.storyboard in Resources */,
				C6F06A432370150600D572C4 /* Assets.xcassets in Resources */,
				C6F06A412370150400D572C4 /* Main.storyboard in Resources */,
			);
			runOnlyForDeploymentPostprocessing = 0;
		};
		C6F06A4C2370150700D572C4 /* Resources */ = {
			isa = PBXResourcesBuildPhase;
			buildActionMask = 2147483647;
			files = (
			);
			runOnlyForDeploymentPostprocessing = 0;
		};
		C6F06A572370150700D572C4 /* Resources */ = {
			isa = PBXResourcesBuildPhase;
			buildActionMask = 2147483647;
			files = (
			);
			runOnlyForDeploymentPostprocessing = 0;
		};
/* End PBXResourcesBuildPhase section */

/* Begin PBXShellScriptBuildPhase section */
		2D1D27DEFD9550FE2CB19DE6 /* [CP] Check Pods Manifest.lock */ = {
			isa = PBXShellScriptBuildPhase;
			buildActionMask = 2147483647;
			files = (
			);
			inputFileListPaths = (
			);
			inputPaths = (
				"${PODS_PODFILE_DIR_PATH}/Podfile.lock",
				"${PODS_ROOT}/Manifest.lock",
			);
			name = "[CP] Check Pods Manifest.lock";
			outputFileListPaths = (
			);
			outputPaths = (
				"$(DERIVED_FILE_DIR)/Pods-auotWeakPropDemo-checkManifestLockResult.txt",
			);
			runOnlyForDeploymentPostprocessing = 0;
			shellPath = /bin/sh;
			shellScript = "diff \"${PODS_PODFILE_DIR_PATH}/Podfile.lock\" \"${PODS_ROOT}/Manifest.lock\" > /dev/null\nif [ $? != 0 ] ; then\n    # print error to STDERR\n    echo \"error: The sandbox is not in sync with the Podfile.lock. Run 'pod install' or update your CocoaPods installation.\" >&2\n    exit 1\nfi\n# This output is used by Xcode 'outputs' to avoid re-running this script phase.\necho \"SUCCESS\" > \"${SCRIPT_OUTPUT_FILE_0}\"\n";
			showEnvVarsInLog = 0;
		};
		44A54EC90DF5E05495AA1E66 /* [CP] Check Pods Manifest.lock */ = {
			isa = PBXShellScriptBuildPhase;
			buildActionMask = 2147483647;
			files = (
			);
			inputFileListPaths = (
			);
			inputPaths = (
				"${PODS_PODFILE_DIR_PATH}/Podfile.lock",
				"${PODS_ROOT}/Manifest.lock",
			);
			name = "[CP] Check Pods Manifest.lock";
			outputFileListPaths = (
			);
			outputPaths = (
				"$(DERIVED_FILE_DIR)/Pods-auotWeakPropDemoTests-checkManifestLockResult.txt",
			);
			runOnlyForDeploymentPostprocessing = 0;
			shellPath = /bin/sh;
			shellScript = "diff \"${PODS_PODFILE_DIR_PATH}/Podfile.lock\" \"${PODS_ROOT}/Manifest.lock\" > /dev/null\nif [ $? != 0 ] ; then\n    # print error to STDERR\n    echo \"error: The sandbox is not in sync with the Podfile.lock. Run 'pod install' or update your CocoaPods installation.\" >&2\n    exit 1\nfi\n# This output is used by Xcode 'outputs' to avoid re-running this script phase.\necho \"SUCCESS\" > \"${SCRIPT_OUTPUT_FILE_0}\"\n";
			showEnvVarsInLog = 0;
		};
		B5F8BFD1DB5698DDA2DC4662 /* [CP] Check Pods Manifest.lock */ = {
			isa = PBXShellScriptBuildPhase;
			buildActionMask = 2147483647;
			files = (
			);
			inputFileListPaths = (
			);
			inputPaths = (
				"${PODS_PODFILE_DIR_PATH}/Podfile.lock",
				"${PODS_ROOT}/Manifest.lock",
			);
			name = "[CP] Check Pods Manifest.lock";
			outputFileListPaths = (
			);
			outputPaths = (
				"$(DERIVED_FILE_DIR)/Pods-auotWeakPropDemoUITests-checkManifestLockResult.txt",
			);
			runOnlyForDeploymentPostprocessing = 0;
			shellPath = /bin/sh;
			shellScript = "diff \"${PODS_PODFILE_DIR_PATH}/Podfile.lock\" \"${PODS_ROOT}/Manifest.lock\" > /dev/null\nif [ $? != 0 ] ; then\n    # print error to STDERR\n    echo \"error: The sandbox is not in sync with the Podfile.lock. Run 'pod install' or update your CocoaPods installation.\" >&2\n    exit 1\nfi\n# This output is used by Xcode 'outputs' to avoid re-running this script phase.\necho \"SUCCESS\" > \"${SCRIPT_OUTPUT_FILE_0}\"\n";
			showEnvVarsInLog = 0;
		};
/* End PBXShellScriptBuildPhase section */

/* Begin PBXSourcesBuildPhase section */
		C6F06A322370150300D572C4 /* Sources */ = {
			isa = PBXSourcesBuildPhase;
			buildActionMask = 2147483647;
			files = (
				C661C7CE237018F400C0EC80 /* Person.m in Sources */,
				C6F06A3E2370150300D572C4 /* ViewController.m in Sources */,
				C6F06A492370150700D572C4 /* main.m in Sources */,
				C6F06A3B2370150300D572C4 /* AppDelegate.m in Sources */,
				C6F06A702370170A00D572C4 /* NSObject+ls_objcetDealloced.m in Sources */,
				C6F06A6D2370155E00D572C4 /* LSMiddleBlock.m in Sources */,
			);
			runOnlyForDeploymentPostprocessing = 0;
		};
		C6F06A4A2370150700D572C4 /* Sources */ = {
			isa = PBXSourcesBuildPhase;
			buildActionMask = 2147483647;
			files = (
				C6F06A532370150700D572C4 /* auotWeakPropDemoTests.m in Sources */,
			);
			runOnlyForDeploymentPostprocessing = 0;
		};
		C6F06A552370150700D572C4 /* Sources */ = {
			isa = PBXSourcesBuildPhase;
			buildActionMask = 2147483647;
			files = (
				C6F06A5E2370150700D572C4 /* auotWeakPropDemoUITests.m in Sources */,
			);
			runOnlyForDeploymentPostprocessing = 0;
		};
/* End PBXSourcesBuildPhase section */

/* Begin PBXTargetDependency section */
		C6F06A502370150700D572C4 /* PBXTargetDependency */ = {
			isa = PBXTargetDependency;
			target = C6F06A352370150300D572C4 /* auotWeakPropDemo */;
			targetProxy = C6F06A4F2370150700D572C4 /* PBXContainerItemProxy */;
		};
		C6F06A5B2370150700D572C4 /* PBXTargetDependency */ = {
			isa = PBXTargetDependency;
			target = C6F06A352370150300D572C4 /* auotWeakPropDemo */;
			targetProxy = C6F06A5A2370150700D572C4 /* PBXContainerItemProxy */;
		};
/* End PBXTargetDependency section */

/* Begin PBXVariantGroup section */
		C6F06A3F2370150400D572C4 /* Main.storyboard */ = {
			isa = PBXVariantGroup;
			children = (
				C6F06A402370150400D572C4 /* Base */,
			);
			name = Main.storyboard;
			sourceTree = "<group>";
		};
		C6F06A442370150600D572C4 /* LaunchScreen.storyboard */ = {
			isa = PBXVariantGroup;
			children = (
				C6F06A452370150600D572C4 /* Base */,
			);
			name = LaunchScreen.storyboard;
			sourceTree = "<group>";
		};
/* End PBXVariantGroup section */

/* Begin XCBuildConfiguration section */
		C6F06A602370150700D572C4 /* Debug */ = {
			isa = XCBuildConfiguration;
			buildSettings = {
				ALWAYS_SEARCH_USER_PATHS = NO;
				CLANG_ANALYZER_NONNULL = YES;
				CLANG_ANALYZER_NUMBER_OBJECT_CONVERSION = YES_AGGRESSIVE;
				CLANG_CXX_LANGUAGE_STANDARD = "gnu++14";
				CLANG_CXX_LIBRARY = "libc++";
				CLANG_ENABLE_MODULES = YES;
				CLANG_ENABLE_OBJC_ARC = YES;
				CLANG_ENABLE_OBJC_WEAK = YES;
				CLANG_WARN_BLOCK_CAPTURE_AUTORELEASING = YES;
				CLANG_WARN_BOOL_CONVERSION = YES;
				CLANG_WARN_COMMA = YES;
				CLANG_WARN_CONSTANT_CONVERSION = YES;
				CLANG_WARN_DEPRECATED_OBJC_IMPLEMENTATIONS = YES;
				CLANG_WARN_DIRECT_OBJC_ISA_USAGE = YES_ERROR;
				CLANG_WARN_DOCUMENTATION_COMMENTS = YES;
				CLANG_WARN_EMPTY_BODY = YES;
				CLANG_WARN_ENUM_CONVERSION = YES;
				CLANG_WARN_INFINITE_RECURSION = YES;
				CLANG_WARN_INT_CONVERSION = YES;
				CLANG_WARN_NON_LITERAL_NULL_CONVERSION = YES;
				CLANG_WARN_OBJC_IMPLICIT_RETAIN_SELF = YES;
				CLANG_WARN_OBJC_LITERAL_CONVERSION = YES;
				CLANG_WARN_OBJC_ROOT_CLASS = YES_ERROR;
				CLANG_WARN_RANGE_LOOP_ANALYSIS = YES;
				CLANG_WARN_STRICT_PROTOTYPES = YES;
				CLANG_WARN_SUSPICIOUS_MOVE = YES;
				CLANG_WARN_UNGUARDED_AVAILABILITY = YES_AGGRESSIVE;
				CLANG_WARN_UNREACHABLE_CODE = YES;
				CLANG_WARN__DUPLICATE_METHOD_MATCH = YES;
				CODE_SIGN_IDENTITY = "iPhone Developer";
				COPY_PHASE_STRIP = NO;
				DEBUG_INFORMATION_FORMAT = dwarf;
				ENABLE_STRICT_OBJC_MSGSEND = YES;
				ENABLE_TESTABILITY = YES;
				GCC_C_LANGUAGE_STANDARD = gnu11;
				GCC_DYNAMIC_NO_PIC = NO;
				GCC_NO_COMMON_BLOCKS = YES;
				GCC_OPTIMIZATION_LEVEL = 0;
				GCC_PREPROCESSOR_DEFINITIONS = (
					"DEBUG=1",
					"$(inherited)",
				);
				GCC_WARN_64_TO_32_BIT_CONVERSION = YES;
				GCC_WARN_ABOUT_RETURN_TYPE = YES_ERROR;
				GCC_WARN_UNDECLARED_SELECTOR = YES;
				GCC_WARN_UNINITIALIZED_AUTOS = YES_AGGRESSIVE;
				GCC_WARN_UNUSED_FUNCTION = YES;
				GCC_WARN_UNUSED_VARIABLE = YES;
				IPHONEOS_DEPLOYMENT_TARGET = 12.1;
				MTL_ENABLE_DEBUG_INFO = INCLUDE_SOURCE;
				MTL_FAST_MATH = YES;
				ONLY_ACTIVE_ARCH = YES;
				SDKROOT = iphoneos;
			};
			name = Debug;
		};
		C6F06A612370150700D572C4 /* Release */ = {
			isa = XCBuildConfiguration;
			buildSettings = {
				ALWAYS_SEARCH_USER_PATHS = NO;
				CLANG_ANALYZER_NONNULL = YES;
				CLANG_ANALYZER_NUMBER_OBJECT_CONVERSION = YES_AGGRESSIVE;
				CLANG_CXX_LANGUAGE_STANDARD = "gnu++14";
				CLANG_CXX_LIBRARY = "libc++";
				CLANG_ENABLE_MODULES = YES;
				CLANG_ENABLE_OBJC_ARC = YES;
				CLANG_ENABLE_OBJC_WEAK = YES;
				CLANG_WARN_BLOCK_CAPTURE_AUTORELEASING = YES;
				CLANG_WARN_BOOL_CONVERSION = YES;
				CLANG_WARN_COMMA = YES;
				CLANG_WARN_CONSTANT_CONVERSION = YES;
				CLANG_WARN_DEPRECATED_OBJC_IMPLEMENTATIONS = YES;
				CLANG_WARN_DIRECT_OBJC_ISA_USAGE = YES_ERROR;
				CLANG_WARN_DOCUMENTATION_COMMENTS = YES;
				CLANG_WARN_EMPTY_BODY = YES;
				CLANG_WARN_ENUM_CONVERSION = YES;
				CLANG_WARN_INFINITE_RECURSION = YES;
				CLANG_WARN_INT_CONVERSION = YES;
				CLANG_WARN_NON_LITERAL_NULL_CONVERSION = YES;
				CLANG_WARN_OBJC_IMPLICIT_RETAIN_SELF = YES;
				CLANG_WARN_OBJC_LITERAL_CONVERSION = YES;
				CLANG_WARN_OBJC_ROOT_CLASS = YES_ERROR;
				CLANG_WARN_RANGE_LOOP_ANALYSIS = YES;
				CLANG_WARN_STRICT_PROTOTYPES = YES;
				CLANG_WARN_SUSPICIOUS_MOVE = YES;
				CLANG_WARN_UNGUARDED_AVAILABILITY = YES_AGGRESSIVE;
				CLANG_WARN_UNREACHABLE_CODE = YES;
				CLANG_WARN__DUPLICATE_METHOD_MATCH = YES;
				CODE_SIGN_IDENTITY = "iPhone Developer";
				COPY_PHASE_STRIP = NO;
				DEBUG_INFORMATION_FORMAT = "dwarf-with-dsym";
				ENABLE_NS_ASSERTIONS = NO;
				ENABLE_STRICT_OBJC_MSGSEND = YES;
				GCC_C_LANGUAGE_STANDARD = gnu11;
				GCC_NO_COMMON_BLOCKS = YES;
				GCC_WARN_64_TO_32_BIT_CONVERSION = YES;
				GCC_WARN_ABOUT_RETURN_TYPE = YES_ERROR;
				GCC_WARN_UNDECLARED_SELECTOR = YES;
				GCC_WARN_UNINITIALIZED_AUTOS = YES_AGGRESSIVE;
				GCC_WARN_UNUSED_FUNCTION = YES;
				GCC_WARN_UNUSED_VARIABLE = YES;
				IPHONEOS_DEPLOYMENT_TARGET = 12.1;
				MTL_ENABLE_DEBUG_INFO = NO;
				MTL_FAST_MATH = YES;
				SDKROOT = iphoneos;
				VALIDATE_PRODUCT = YES;
			};
			name = Release;
		};
		C6F06A632370150700D572C4 /* Debug */ = {
			isa = XCBuildConfiguration;
			baseConfigurationReference = 9E30268759B275200D348B74 /* Pods-auotWeakPropDemo.debug.xcconfig */;
			buildSettings = {
				ASSETCATALOG_COMPILER_APPICON_NAME = AppIcon;
				CODE_SIGN_STYLE = Automatic;
				DEVELOPMENT_TEAM = 4TEGC3M482;
				INFOPLIST_FILE = auotWeakPropDemo/Info.plist;
				LD_RUNPATH_SEARCH_PATHS = (
					"$(inherited)",
					"@executable_path/Frameworks",
				);
				PRODUCT_BUNDLE_IDENTIFIER = com.newsky.auotWeakPropDemo;
				PRODUCT_NAME = "$(TARGET_NAME)";
				TARGETED_DEVICE_FAMILY = "1,2";
			};
			name = Debug;
		};
		C6F06A642370150700D572C4 /* Release */ = {
			isa = XCBuildConfiguration;
			baseConfigurationReference = E48AAB89ACE9DF489A4125A2 /* Pods-auotWeakPropDemo.release.xcconfig */;
			buildSettings = {
				ASSETCATALOG_COMPILER_APPICON_NAME = AppIcon;
				CODE_SIGN_STYLE = Automatic;
				DEVELOPMENT_TEAM = 4TEGC3M482;
				INFOPLIST_FILE = auotWeakPropDemo/Info.plist;
				LD_RUNPATH_SEARCH_PATHS = (
					"$(inherited)",
					"@executable_path/Frameworks",
				);
				PRODUCT_BUNDLE_IDENTIFIER = com.newsky.auotWeakPropDemo;
				PRODUCT_NAME = "$(TARGET_NAME)";
				TARGETED_DEVICE_FAMILY = "1,2";
			};
			name = Release;
		};
		C6F06A662370150700D572C4 /* Debug */ = {
			isa = XCBuildConfiguration;
			baseConfigurationReference = C1C60D22FB42F179A3456EAE /* Pods-auotWeakPropDemoTests.debug.xcconfig */;
			buildSettings = {
				BUNDLE_LOADER = "$(TEST_HOST)";
				CODE_SIGN_STYLE = Automatic;
				DEVELOPMENT_TEAM = 4TEGC3M482;
				INFOPLIST_FILE = auotWeakPropDemoTests/Info.plist;
				LD_RUNPATH_SEARCH_PATHS = (
					"$(inherited)",
					"@executable_path/Frameworks",
					"@loader_path/Frameworks",
				);
				PRODUCT_BUNDLE_IDENTIFIER = com.newsky.auotWeakPropDemoTests;
				PRODUCT_NAME = "$(TARGET_NAME)";
				TARGETED_DEVICE_FAMILY = "1,2";
				TEST_HOST = "$(BUILT_PRODUCTS_DIR)/auotWeakPropDemo.app/auotWeakPropDemo";
			};
			name = Debug;
		};
		C6F06A672370150700D572C4 /* Release */ = {
			isa = XCBuildConfiguration;
			baseConfigurationReference = 065A622E504C602EACC039C8 /* Pods-auotWeakPropDemoTests.release.xcconfig */;
			buildSettings = {
				BUNDLE_LOADER = "$(TEST_HOST)";
				CODE_SIGN_STYLE = Automatic;
				DEVELOPMENT_TEAM = 4TEGC3M482;
				INFOPLIST_FILE = auotWeakPropDemoTests/Info.plist;
				LD_RUNPATH_SEARCH_PATHS = (
					"$(inherited)",
					"@executable_path/Frameworks",
					"@loader_path/Frameworks",
				);
				PRODUCT_BUNDLE_IDENTIFIER = com.newsky.auotWeakPropDemoTests;
				PRODUCT_NAME = "$(TARGET_NAME)";
				TARGETED_DEVICE_FAMILY = "1,2";
				TEST_HOST = "$(BUILT_PRODUCTS_DIR)/auotWeakPropDemo.app/auotWeakPropDemo";
			};
			name = Release;
		};
		C6F06A692370150700D572C4 /* Debug */ = {
			isa = XCBuildConfiguration;
			baseConfigurationReference = A2019C75809325E72D8EF58B /* Pods-auotWeakPropDemoUITests.debug.xcconfig */;
			buildSettings = {
				CODE_SIGN_STYLE = Automatic;
				DEVELOPMENT_TEAM = 4TEGC3M482;
				INFOPLIST_FILE = auotWeakPropDemoUITests/Info.plist;
				LD_RUNPATH_SEARCH_PATHS = (
					"$(inherited)",
					"@executable_path/Frameworks",
					"@loader_path/Frameworks",
				);
				PRODUCT_BUNDLE_IDENTIFIER = com.newsky.auotWeakPropDemoUITests;
				PRODUCT_NAME = "$(TARGET_NAME)";
				TARGETED_DEVICE_FAMILY = "1,2";
				TEST_TARGET_NAME = auotWeakPropDemo;
			};
			name = Debug;
		};
		C6F06A6A2370150700D572C4 /* Release */ = {
			isa = XCBuildConfiguration;
			baseConfigurationReference = D3A533C6A2635724BA8C5EB1 /* Pods-auotWeakPropDemoUITests.release.xcconfig */;
			buildSettings = {
				CODE_SIGN_STYLE = Automatic;
				DEVELOPMENT_TEAM = 4TEGC3M482;
				INFOPLIST_FILE = auotWeakPropDemoUITests/Info.plist;
				LD_RUNPATH_SEARCH_PATHS = (
					"$(inherited)",
					"@executable_path/Frameworks",
					"@loader_path/Frameworks",
				);
				PRODUCT_BUNDLE_IDENTIFIER = com.newsky.auotWeakPropDemoUITests;
				PRODUCT_NAME = "$(TARGET_NAME)";
				TARGETED_DEVICE_FAMILY = "1,2";
				TEST_TARGET_NAME = auotWeakPropDemo;
			};
			name = Release;
		};
/* End XCBuildConfiguration section */

/* Begin XCConfigurationList section */
		C6F06A312370150300D572C4 /* Build configuration list for PBXProject "auotWeakPropDemo" */ = {
			isa = XCConfigurationList;
			buildConfigurations = (
				C6F06A602370150700D572C4 /* Debug */,
				C6F06A612370150700D572C4 /* Release */,
			);
			defaultConfigurationIsVisible = 0;
			defaultConfigurationName = Release;
		};
		C6F06A622370150700D572C4 /* Build configuration list for PBXNativeTarget "auotWeakPropDemo" */ = {
			isa = XCConfigurationList;
			buildConfigurations = (
				C6F06A632370150700D572C4 /* Debug */,
				C6F06A642370150700D572C4 /* Release */,
			);
			defaultConfigurationIsVisible = 0;
			defaultConfigurationName = Release;
		};
		C6F06A652370150700D572C4 /* Build configuration list for PBXNativeTarget "auotWeakPropDemoTests" */ = {
			isa = XCConfigurationList;
			buildConfigurations = (
				C6F06A662370150700D572C4 /* Debug */,
				C6F06A672370150700D572C4 /* Release */,
			);
			defaultConfigurationIsVisible = 0;
			defaultConfigurationName = Release;
		};
		C6F06A682370150700D572C4 /* Build configuration list for PBXNativeTarget "auotWeakPropDemoUITests" */ = {
			isa = XCConfigurationList;
			buildConfigurations = (
				C6F06A692370150700D572C4 /* Debug */,
				C6F06A6A2370150700D572C4 /* Release */,
			);
			defaultConfigurationIsVisible = 0;
			defaultConfigurationName = Release;
		};
/* End XCConfigurationList section */
	};
	rootObject = C6F06A2E2370150300D572C4 /* Project object */;
}
